{
  "name": "ez-spdy",
  "version": "2.1.0",
  "lockfileVersion": 1,
  "requires": true,
  "dependencies": {
    "core-util-is": {
      "version": "http://npm.paypal.com/core-util-is/-/core-util-is-1.0.2.tgz",
      "integrity": "sha1-tf1UIgqivFq1eqtxQMlAdUUDwac="
    },
    "detect-node": {
      "version": "https://registry.npmjs.org/detect-node/-/detect-node-2.0.3.tgz",
      "integrity": "sha1-ogM8CcyOFY03dI+951B4Mr1s4Sc="
    },
    "handle-thing": {
      "version": "http://npm.paypal.com/handle-thing/-/handle-thing-1.2.5.tgz",
      "integrity": "sha1-/Xqtcmvxpf0W38KbL3pmAdJxOcQ="
    },
    "hpack.js": {
      "version": "http://npm.paypal.com/hpack.js/-/hpack.js-2.1.6.tgz",
      "integrity": "sha1-h3dMCUnlE/QuhFdbPEVoH63ioLI=",
      "requires": {
        "inherits": "http://npm.paypal.com/inherits/-/inherits-2.0.3.tgz",
        "obuf": "http://npm.paypal.com/obuf/-/obuf-1.1.1.tgz",
        "readable-stream": "http://npm.paypal.com/repository/npm-all/readable-stream/-/readable-stream-2.3.3.tgz",
        "wbuf": "http://npm.paypal.com/wbuf/-/wbuf-1.7.2.tgz"
      }
    },
    "http-deceiver": {
      "version": "http://npm.paypal.com/http-deceiver/-/http-deceiver-1.2.7.tgz",
      "integrity": "sha1-+nFolEq5pRnTN8sL7HKE3D5yPYc="
    },
    "inherits": {
      "version": "http://npm.paypal.com/inherits/-/inherits-2.0.3.tgz",
      "integrity": "sha1-Yzwsg+PaQqUC9SRmAiSA9CCCYd4="
    },
    "isarray": {
      "version": "http://npm.paypal.com/isarray/-/isarray-1.0.0.tgz",
      "integrity": "sha1-u5NdSFgsuhaMBoNJV6VKPgcSTxE="
    },
    "minimalistic-assert": {
      "version": "http://npm.paypal.com/minimalistic-assert/-/minimalistic-assert-1.0.0.tgz",
      "integrity": "sha1-cCvi3aazf0g2vLP121ZkG2Sh09M="
    },
    "ms": {
      "version": "http://npm.paypal.com/repository/npm-all/ms/-/ms-2.0.0.tgz",
      "integrity": "sha1-VgiurfwAvmwpAd9fmGF4jeDVl8g="
    },
    "obuf": {
      "version": "http://npm.paypal.com/obuf/-/obuf-1.1.1.tgz",
      "integrity": "sha1-EEEktsYCxnlogaBCVB0220OlJk4="
    },
    "process-nextick-args": {
      "version": "http://npm.paypal.com/process-nextick-args/-/process-nextick-args-1.0.7.tgz",
      "integrity": "sha1-FQ4gt1ZZCtP5EJPyWk8q2L/zC6M="
    },
    "readable-stream": {
      "version": "http://npm.paypal.com/repository/npm-all/readable-stream/-/readable-stream-2.3.3.tgz",
      "integrity": "sha1-No8lEtefnUb9/HE0mueHi7weuVw=",
      "requires": {
        "core-util-is": "http://npm.paypal.com/core-util-is/-/core-util-is-1.0.2.tgz",
        "inherits": "http://npm.paypal.com/inherits/-/inherits-2.0.3.tgz",
        "isarray": "http://npm.paypal.com/isarray/-/isarray-1.0.0.tgz",
        "process-nextick-args": "http://npm.paypal.com/process-nextick-args/-/process-nextick-args-1.0.7.tgz",
        "safe-buffer": "http://npm.paypal.com/repository/npm-all/safe-buffer/-/safe-buffer-5.1.1.tgz",
        "string_decoder": "http://npm.paypal.com/repository/npm-all/string_decoder/-/string_decoder-1.0.3.tgz",
        "util-deprecate": "http://npm.paypal.com/util-deprecate/-/util-deprecate-1.0.2.tgz"
      }
    },
    "safe-buffer": {
      "version": "http://npm.paypal.com/repository/npm-all/safe-buffer/-/safe-buffer-5.1.1.tgz",
      "integrity": "sha1-iTMSr2myEj3vcfV4iQAWce6yyFM="
    },
    "select-hose": {
      "version": "http://npm.paypal.com/select-hose/-/select-hose-2.0.0.tgz",
      "integrity": "sha1-Yl2GWPhlr0Psliv8N2o3NZpJlMo="
    },
    "spdy": {
      "version": "https://registry.npmjs.org/spdy/-/spdy-3.4.7.tgz",
      "integrity": "sha1-Qv9B7OXMD5mjpsKKq7c/XDsDrLw=",
      "requires": {
        "debug": "http://npm.paypal.com/repository/npm-all/debug/-/debug-2.6.8.tgz",
        "handle-thing": "http://npm.paypal.com/handle-thing/-/handle-thing-1.2.5.tgz",
        "http-deceiver": "http://npm.paypal.com/http-deceiver/-/http-deceiver-1.2.7.tgz",
        "safe-buffer": "http://npm.paypal.com/repository/npm-all/safe-buffer/-/safe-buffer-5.1.1.tgz",
        "select-hose": "http://npm.paypal.com/select-hose/-/select-hose-2.0.0.tgz",
        "spdy-transport": "https://registry.npmjs.org/spdy-transport/-/spdy-transport-2.0.20.tgz"
      },
      "dependencies": {
        "debug": {
          "version": "http://npm.paypal.com/repository/npm-all/debug/-/debug-2.6.8.tgz",
          "integrity": "sha1-5zFTHKLt4n0YgiJCfaF4IdaP9Pw=",
          "requires": {
            "ms": "http://npm.paypal.com/repository/npm-all/ms/-/ms-2.0.0.tgz"
          }
        }
      }
    },
    "spdy-transport": {
      "version": "https://registry.npmjs.org/spdy-transport/-/spdy-transport-2.0.20.tgz",
      "integrity": "sha1-c15yBUxIayNU/onnAiVgBKOazk0=",
      "requires": {
        "debug": "http://npm.paypal.com/repository/npm-all/debug/-/debug-2.6.8.tgz",
        "detect-node": "https://registry.npmjs.org/detect-node/-/detect-node-2.0.3.tgz",
        "hpack.js": "http://npm.paypal.com/hpack.js/-/hpack.js-2.1.6.tgz",
        "obuf": "http://npm.paypal.com/obuf/-/obuf-1.1.1.tgz",
        "readable-stream": "http://npm.paypal.com/repository/npm-all/readable-stream/-/readable-stream-2.3.3.tgz",
        "safe-buffer": "http://npm.paypal.com/repository/npm-all/safe-buffer/-/safe-buffer-5.1.1.tgz",
        "wbuf": "http://npm.paypal.com/wbuf/-/wbuf-1.7.2.tgz"
      },
      "dependencies": {
        "debug": {
          "version": "http://npm.paypal.com/repository/npm-all/debug/-/debug-2.6.8.tgz",
          "integrity": "sha1-5zFTHKLt4n0YgiJCfaF4IdaP9Pw=",
          "requires": {
            "ms": "http://npm.paypal.com/repository/npm-all/ms/-/ms-2.0.0.tgz"
          }
        }
      }
    },
    "string_decoder": {
      "version": "http://npm.paypal.com/repository/npm-all/string_decoder/-/string_decoder-1.0.3.tgz",
      "integrity": "sha1-D8Z9fBQYJd6UKC3VNr7GubzoYKs=",
      "requires": {
        "safe-buffer": "http://npm.paypal.com/repository/npm-all/safe-buffer/-/safe-buffer-5.1.1.tgz"
      }
    },
    "util-deprecate": {
      "version": "http://npm.paypal.com/util-deprecate/-/util-deprecate-1.0.2.tgz",
      "integrity": "sha1-RQ1Nyfpw3nMnYvvS1KKJgUGaDM8="
    },
    "wbuf": {
      "version": "http://npm.paypal.com/wbuf/-/wbuf-1.7.2.tgz",
      "integrity": "sha1-1pe5nx9ZUS3ydRvkJ2nBWAtYAf4=",
      "requires": {
        "minimalistic-assert": "http://npm.paypal.com/minimalistic-assert/-/minimalistic-assert-1.0.0.tgz"
      }
    }
  }
}
